
Microsoft Visual Studio Solution File, Format Version 12.00
# Visual Studio Version 17
VisualStudioVersion = 17.3.32922.545
MinimumVisualStudioVersion = 10.0.40219.1
Project("{FAE04EC0-301F-11D3-BF4B-00C04F79EFBC}") = "Books", "Books\Books.csproj", "{29F13CDD-6B40-454F-BC86-241277BFC760}"
EndProject
Project("{9A19103F-16F7-4668-BE54-9A1E7A4F7556}") = "BooksApiClient", "..\BooksApi\BooksApiClient\BooksApiClient.csproj", "{D34FA07F-8EAB-41D5-8BB3-93A0C4B991AA}"
EndProject
Global
	GlobalSection(SolutionConfigurationPlatforms) = preSolution
		Debug|Any CPU = Debug|Any CPU
		Release|Any CPU = Release|Any CPU
	EndGlobalSection
	GlobalSection(ProjectConfigurationPlatforms) = postSolution
		{29F13CDD-6B40-454F-BC86-241277BFC760}.Debug|Any CPU.ActiveCfg = Debug|Any CPU
		{29F13CDD-6B40-454F-BC86-241277BFC760}.Debug|Any CPU.Build.0 = Debug|Any CPU
		{29F13CDD-6B40-454F-BC86-241277BFC760}.Release|Any CPU.ActiveCfg = Release|Any CPU
		{29F13CDD-6B40-454F-BC86-241277BFC760}.Release|Any CPU.Build.0 = Release|Any CPU
		{D34FA07F-8EAB-41D5-8BB3-93A0C4B991AA}.Debug|Any CPU.ActiveCfg = Debug|Any CPU
		{D34FA07F-8EAB-41D5-8BB3-93A0C4B991AA}.Debug|Any CPU.Build.0 = Debug|Any CPU
		{D34FA07F-8EAB-41D5-8BB3-93A0C4B991AA}.Release|Any CPU.ActiveCfg = Release|Any CPU
		{D34FA07F-8EAB-41D5-8BB3-93A0C4B991AA}.Release|Any CPU.Build.0 = Release|Any CPU
	EndGlobalSection
	GlobalSection(SolutionProperties) = preSolution
		HideSolutionNode = FALSE
	EndGlobalSection
	GlobalSection(ExtensibilityGlobals) = postSolution
		SolutionGuid = {F6741329-52D8-485E-869B-06F86C74EBC3}
	EndGlobalSection
EndGlobal
